
Microsoft Visual Studio Solution File, Format Version 12.00
# Visual Studio Express 2012 for Windows Desktop
Project("{FAE04EC0-301F-11D3-BF4B-00C04F79EFBC}") = "RestaurantUI", "RestaurantUI\RestaurantUI.csproj", "{E097546D-9C13-48B8-BFF7-B2DDD964C3DD}"
EndProject
Global
	GlobalSection(SolutionConfigurationPlatforms) = preSolution
		Debug|Any CPU = Debug|Any CPU
		Release|Any CPU = Release|Any CPU
	EndGlobalSection
	GlobalSection(ProjectConfigurationPlatforms) = postSolution
		{E097546D-9C13-48B8-BFF7-B2DDD964C3DD}.Debug|Any CPU.ActiveCfg = Debug|Any CPU
		{E097546D-9C13-48B8-BFF7-B2DDD964C3DD}.Debug|Any CPU.Build.0 = Debug|Any CPU
		{E097546D-9C13-48B8-BFF7-B2DDD964C3DD}.Release|Any CPU.ActiveCfg = Release|Any CPU
		{E097546D-9C13-48B8-BFF7-B2DDD964C3DD}.Release|Any CPU.Build.0 = Release|Any CPU
	EndGlobalSection
	GlobalSection(SolutionProperties) = preSolution
		HideSolutionNode = FALSE
	EndGlobalSection
EndGlobal
